
Microsoft Visual Studio Solution File, Format Version 12.00
# Visual Studio 15
VisualStudioVersion = 15.0.28307.168
MinimumVisualStudioVersion = 10.0.40219.1
Project("{FAE04EC0-301F-11D3-BF4B-00C04F79EFBC}") = "Mfc", "Mfc\Mfc.csproj", "{782A160F-4CA9-4B30-9D8C-1C6EEBFB77C5}"
EndProject
Global
	GlobalSection(SolutionConfigurationPlatforms) = preSolution
		Debug|Any CPU = Debug|Any CPU
		Release|Any CPU = Release|Any CPU
	EndGlobalSection
	GlobalSection(ProjectConfigurationPlatforms) = postSolution
		{782A160F-4CA9-4B30-9D8C-1C6EEBFB77C5}.Debug|Any CPU.ActiveCfg = Debug|Any CPU
		{782A160F-4CA9-4B30-9D8C-1C6EEBFB77C5}.Debug|Any CPU.Build.0 = Debug|Any CPU
		{782A160F-4CA9-4B30-9D8C-1C6EEBFB77C5}.Release|Any CPU.ActiveCfg = Release|Any CPU
		{782A160F-4CA9-4B30-9D8C-1C6EEBFB77C5}.Release|Any CPU.Build.0 = Release|Any CPU
	EndGlobalSection
	GlobalSection(SolutionProperties) = preSolution
		HideSolutionNode = FALSE
	EndGlobalSection
	GlobalSection(ExtensibilityGlobals) = postSolution
		SolutionGuid = {5AB4EACC-92D2-4C11-AE33-2EC9252F0362}
	EndGlobalSection
EndGlobal
